
Microsoft Visual Studio Solution File, Format Version 12.00
# Visual Studio Version 17
VisualStudioVersion = 17.3.32929.385
MinimumVisualStudioVersion = 10.0.40219.1
Project("{FAE04EC0-301F-11D3-BF4B-00C04F79EFBC}") = "fr6", "fr6\fr6.csproj", "{0FC698CD-E1F3-4632-8B59-0B3BF19C0060}"
EndProject
Global
	GlobalSection(SolutionConfigurationPlatforms) = preSolution
		Debug|Any CPU = Debug|Any CPU
		Release|Any CPU = Release|Any CPU
	EndGlobalSection
	GlobalSection(ProjectConfigurationPlatforms) = postSolution
		{0FC698CD-E1F3-4632-8B59-0B3BF19C0060}.Debug|Any CPU.ActiveCfg = Debug|Any CPU
		{0FC698CD-E1F3-4632-8B59-0B3BF19C0060}.Debug|Any CPU.Build.0 = Debug|Any CPU
		{0FC698CD-E1F3-4632-8B59-0B3BF19C0060}.Release|Any CPU.ActiveCfg = Release|Any CPU
		{0FC698CD-E1F3-4632-8B59-0B3BF19C0060}.Release|Any CPU.Build.0 = Release|Any CPU
	EndGlobalSection
	GlobalSection(SolutionProperties) = preSolution
		HideSolutionNode = FALSE
	EndGlobalSection
	GlobalSection(ExtensibilityGlobals) = postSolution
		SolutionGuid = {8312E57C-C23F-40EE-A674-5EC787C79847}
	EndGlobalSection
EndGlobal
