
Microsoft Visual Studio Solution File, Format Version 12.00
# Visual Studio Version 17
VisualStudioVersion = 17.4.33213.308
MinimumVisualStudioVersion = 10.0.40219.1
Project("{FAE04EC0-301F-11D3-BF4B-00C04F79EFBC}") = "Practicheskaya4", "Practicheskaya4\Practicheskaya4.csproj", "{ECD9229D-410C-4A7B-87AC-E2C5CC162A27}"
EndProject
Global
	GlobalSection(SolutionConfigurationPlatforms) = preSolution
		Debug|Any CPU = Debug|Any CPU
		Release|Any CPU = Release|Any CPU
	EndGlobalSection
	GlobalSection(ProjectConfigurationPlatforms) = postSolution
		{ECD9229D-410C-4A7B-87AC-E2C5CC162A27}.Debug|Any CPU.ActiveCfg = Debug|Any CPU
		{ECD9229D-410C-4A7B-87AC-E2C5CC162A27}.Debug|Any CPU.Build.0 = Debug|Any CPU
		{ECD9229D-410C-4A7B-87AC-E2C5CC162A27}.Release|Any CPU.ActiveCfg = Release|Any CPU
		{ECD9229D-410C-4A7B-87AC-E2C5CC162A27}.Release|Any CPU.Build.0 = Release|Any CPU
	EndGlobalSection
	GlobalSection(SolutionProperties) = preSolution
		HideSolutionNode = FALSE
	EndGlobalSection
	GlobalSection(ExtensibilityGlobals) = postSolution
		SolutionGuid = {47B78C62-F6E3-4E21-8550-ABDFD823B4D4}
	EndGlobalSection
EndGlobal
